
Microsoft Visual Studio Solution File, Format Version 12.00
# Visual Studio Version 17
VisualStudioVersion = 17.1.32407.343
MinimumVisualStudioVersion = 10.0.40219.1
Project("{FAE04EC0-301F-11D3-BF4B-00C04F79EFBC}") = "Chapter_7_TheDominionOfKings", "Chapter_7_TheDominionOfKings.csproj", "{F01D1D2A-19AA-47F8-9CEC-A075F498E474}"
EndProject
Global
	GlobalSection(SolutionConfigurationPlatforms) = preSolution
		Debug|Any CPU = Debug|Any CPU
		Release|Any CPU = Release|Any CPU
	EndGlobalSection
	GlobalSection(ProjectConfigurationPlatforms) = postSolution
		{F01D1D2A-19AA-47F8-9CEC-A075F498E474}.Debug|Any CPU.ActiveCfg = Debug|Any CPU
		{F01D1D2A-19AA-47F8-9CEC-A075F498E474}.Debug|Any CPU.Build.0 = Debug|Any CPU
		{F01D1D2A-19AA-47F8-9CEC-A075F498E474}.Release|Any CPU.ActiveCfg = Release|Any CPU
		{F01D1D2A-19AA-47F8-9CEC-A075F498E474}.Release|Any CPU.Build.0 = Release|Any CPU
	EndGlobalSection
	GlobalSection(SolutionProperties) = preSolution
		HideSolutionNode = FALSE
	EndGlobalSection
	GlobalSection(ExtensibilityGlobals) = postSolution
		SolutionGuid = {2BE7850A-6436-4E01-B570-31953C748CB2}
	EndGlobalSection
EndGlobal
